{
  "nodes": {
    "catppuccin": {
      "inputs": {
        "nixpkgs": [
          "nixpkgs"
        ]
      },
      "locked": {
        "lastModified": 1767967164,
        "narHash": "sha256-Cx4VETh9dGoQYDtWhre7g66d7SAr+h1h6f+SSHxVrck=",
        "owner": "catppuccin",
        "repo": "nix",
        "rev": "e973584280e3b0e1d5b5a1a5e9948dc222c54af7",
        "type": "github"
      },
      "original": {
        "owner": "catppuccin",
        "repo": "nix",
        "type": "github"
      }
    },
    "darwin": {
      "inputs": {
        "nixpkgs": [
          "nixpkgs"
        ]
      },
      "locked": {
        "lastModified": 1767634391,
        "narHash": "sha256-owcSz2ICqTSvhBbhPP+1eWzi88e54rRZtfCNE5E/wwg=",
        "owner": "lnl7",
        "repo": "nix-darwin",
        "rev": "08585aacc3d6d6c280a02da195fdbd4b9cf083c2",
        "type": "github"
      },
      "original": {
        "owner": "lnl7",
        "ref": "nix-darwin-25.11",
        "repo": "nix-darwin",
        "type": "github"
      }
    },
    "disko": {
      "inputs": {
        "nixpkgs": [
          "nixpkgs"
        ]
      },
      "locked": {
        "lastModified": 1766150702,
        "narHash": "sha256-P0kM+5o+DKnB6raXgFEk3azw8Wqg5FL6wyl9jD+G5a4=",
        "owner": "nix-community",
        "repo": "disko",
        "rev": "916506443ecd0d0b4a0f4cf9d40a3c22ce39b378",
        "type": "github"
      },
      "original": {
        "owner": "nix-community",
        "repo": "disko",
        "type": "github"
      }
    },
    "flake-parts": {
      "inputs": {
        "nixpkgs-lib": [
          "nixpkgs"
        ]
      },
      "locked": {
        "lastModified": 1768135262,
        "narHash": "sha256-PVvu7OqHBGWN16zSi6tEmPwwHQ4rLPU9Plvs8/1TUBY=",
        "owner": "hercules-ci",
        "repo": "flake-parts",
        "rev": "80daad04eddbbf5a4d883996a73f3f542fa437ac",
        "type": "github"
      },
      "original": {
        "owner": "hercules-ci",
        "repo": "flake-parts",
        "type": "github"
      }
    },
    "home-manager": {
      "inputs": {
        "nixpkgs": [
          "nixpkgs"
        ]
      },
      "locked": {
        "lastModified": 1767910483,
        "narHash": "sha256-MOU5YdVu4DVwuT5ztXgQpPuRRBjSjUGIdUzOQr9iQOY=",
        "owner": "nix-community",
        "repo": "home-manager",
        "rev": "82fb7dedaad83e5e279127a38ef410bcfac6d77c",
        "type": "github"
      },
      "original": {
        "owner": "nix-community",
        "ref": "release-25.11",
        "repo": "home-manager",
        "type": "github"
      }
    },
    "nixpkgs": {
      "locked": {
        "lastModified": 1768323494,
        "narHash": "sha256-yBXJLE6WCtrGo7LKiB6NOt6nisBEEkguC/lq/rP3zRQ=",
        "owner": "nixos",
        "repo": "nixpkgs",
        "rev": "2c3e5ec5df46d3aeee2a1da0bfedd74e21f4bf3a",
        "type": "github"
      },
      "original": {
        "owner": "nixos",
        "ref": "nixos-25.11",
        "repo": "nixpkgs",
        "type": "github"
      }
    },
    "root": {
      "inputs": {
        "catppuccin": "catppuccin",
        "darwin": "darwin",
        "disko": "disko",
        "flake-parts": "flake-parts",
        "home-manager": "home-manager",
        "nixpkgs": "nixpkgs",
        "sops-nix": "sops-nix",
        "treefmt": "treefmt",
        "unstable": "unstable"
      }
    },
    "sops-nix": {
      "inputs": {
        "nixpkgs": [
          "nixpkgs"
        ]
      },
      "locked": {
        "lastModified": 1768481291,
        "narHash": "sha256-NjKtkJraCZEnLHAJxLTI+BfdU//9coAz9p5TqveZwPU=",
        "owner": "mic92",
        "repo": "sops-nix",
        "rev": "e085e303dfcce21adcb5fec535d65aacb066f101",
        "type": "github"
      },
      "original": {
        "owner": "mic92",
        "repo": "sops-nix",
        "type": "github"
      }
    },
    "treefmt": {
      "inputs": {
        "nixpkgs": [
          "nixpkgs"
        ]
      },
      "locked": {
        "lastModified": 1768158989,
        "narHash": "sha256-67vyT1+xClLldnumAzCTBvU0jLZ1YBcf4vANRWP3+Ak=",
        "owner": "numtide",
        "repo": "treefmt-nix",
        "rev": "e96d59dff5c0d7fddb9d113ba108f03c3ef99eca",
        "type": "github"
      },
      "original": {
        "owner": "numtide",
        "repo": "treefmt-nix",
        "type": "github"
      }
    },
    "unstable": {
      "locked": {
        "lastModified": 1768467226,
        "narHash": "sha256-Y/Q3pFk5htWkitAXIKGSVYzdt7fNn74YXSJS5GjSPZ4=",
        "owner": "nixos",
        "repo": "nixpkgs",
        "rev": "0827ca4b685736d2de7f7b1f80f3be996514ef59",
        "type": "github"
      },
      "original": {
        "owner": "nixos",
        "ref": "nixos-unstable-small",
        "repo": "nixpkgs",
        "type": "github"
      }
    }
  },
  "root": "root",
  "version": 7
}
